// !$*UTF8*$!
{
	archiveVersion = 1;
	classes = {
	};
	objectVersion = 56;
	objects = {

/* Begin PBXBuildFile section */
		100000000000000000000001 /* PRWatcherApp.swift in Sources */ = {isa = PBXBuildFile; fileRef = 200000000000000000000001 /* PRWatcherApp.swift */; };
		100000000000000000000002 /* PullRequestStore.swift in Sources */ = {isa = PBXBuildFile; fileRef = 200000000000000000000002 /* PullRequestStore.swift */; };
		100000000000000000000003 /* ContentView.swift in Sources */ = {isa = PBXBuildFile; fileRef = 200000000000000000000003 /* ContentView.swift */; };
		100000000000000000000004 /* SettingsView.swift in Sources */ = {isa = PBXBuildFile; fileRef = 200000000000000000000004 /* SettingsView.swift */; };
		100000000000000000000005 /* PullRequest.swift in Sources */ = {isa = PBXBuildFile; fileRef = 200000000000000000000005 /* PullRequest.swift */; };
		100000000000000000000006 /* GraphQLModels.swift in Sources */ = {isa = PBXBuildFile; fileRef = 200000000000000000000006 /* GraphQLModels.swift */; };
		100000000000000000000007 /* PRClassifier.swift in Sources */ = {isa = PBXBuildFile; fileRef = 200000000000000000000007 /* PRClassifier.swift */; };
		100000000000000000000008 /* GitHubClient.swift in Sources */ = {isa = PBXBuildFile; fileRef = 200000000000000000000008 /* GitHubClient.swift */; };
		100000000000000000000009 /* AppIcon.icns in Resources */ = {isa = PBXBuildFile; fileRef = 20000000000000000000000C /* AppIcon.icns */; };
/* End PBXBuildFile section */

/* Begin PBXFileReference section */
		200000000000000000000001 /* PRWatcherApp.swift */ = {isa = PBXFileReference; lastKnownFileType = sourcecode.swift; path = PRWatcherApp.swift; sourceTree = "<group>"; };
		200000000000000000000002 /* PullRequestStore.swift */ = {isa = PBXFileReference; lastKnownFileType = sourcecode.swift; path = PullRequestStore.swift; sourceTree = "<group>"; };
		200000000000000000000003 /* ContentView.swift */ = {isa = PBXFileReference; lastKnownFileType = sourcecode.swift; path = ContentView.swift; sourceTree = "<group>"; };
		200000000000000000000004 /* SettingsView.swift */ = {isa = PBXFileReference; lastKnownFileType = sourcecode.swift; path = SettingsView.swift; sourceTree = "<group>"; };
		200000000000000000000005 /* PullRequest.swift */ = {isa = PBXFileReference; lastKnownFileType = sourcecode.swift; path = PullRequest.swift; sourceTree = "<group>"; };
		200000000000000000000006 /* GraphQLModels.swift */ = {isa = PBXFileReference; lastKnownFileType = sourcecode.swift; path = GraphQLModels.swift; sourceTree = "<group>"; };
		200000000000000000000007 /* PRClassifier.swift */ = {isa = PBXFileReference; lastKnownFileType = sourcecode.swift; path = PRClassifier.swift; sourceTree = "<group>"; };
		200000000000000000000008 /* GitHubClient.swift */ = {isa = PBXFileReference; lastKnownFileType = sourcecode.swift; path = GitHubClient.swift; sourceTree = "<group>"; };
		200000000000000000000009 /* Info.plist */ = {isa = PBXFileReference; lastKnownFileType = text.plist.xml; path = Info.plist; sourceTree = "<group>"; };
		20000000000000000000000A /* README.md */ = {isa = PBXFileReference; lastKnownFileType = net.daringfireball.markdown; path = README.md; sourceTree = SOURCE_ROOT; };
		20000000000000000000000B /* prWatcher.app */ = {isa = PBXFileReference; explicitFileType = wrapper.application; includeInIndex = 0; path = prWatcher.app; sourceTree = BUILT_PRODUCTS_DIR; };
		20000000000000000000000C /* AppIcon.icns */ = {isa = PBXFileReference; lastKnownFileType = image.icns; path = AppIcon.icns; sourceTree = "<group>"; };
/* End PBXFileReference section */

/* Begin PBXFrameworksBuildPhase section */
		300000000000000000000001 /* Frameworks */ = {
			isa = PBXFrameworksBuildPhase;
			buildActionMask = 2147483647;
			files = (
			);
			runOnlyForDeploymentPostprocessing = 0;
		};
/* End PBXFrameworksBuildPhase section */

/* Begin PBXGroup section */
		400000000000000000000001 = {
			isa = PBXGroup;
			children = (
				400000000000000000000003 /* PRWatcherApp */,
				400000000000000000000004 /* PRWatcherCore */,
				400000000000000000000005 /* Support */,
				20000000000000000000000A /* README.md */,
				400000000000000000000002 /* Products */,
			);
			sourceTree = "<group>";
		};
		400000000000000000000002 /* Products */ = {
			isa = PBXGroup;
			children = (
				20000000000000000000000B /* prWatcher.app */,
			);
			name = Products;
			sourceTree = "<group>";
		};
		400000000000000000000003 /* PRWatcherApp */ = {
			isa = PBXGroup;
			children = (
				200000000000000000000001 /* PRWatcherApp.swift */,
				200000000000000000000002 /* PullRequestStore.swift */,
				200000000000000000000003 /* ContentView.swift */,
				200000000000000000000004 /* SettingsView.swift */,
			);
			name = PRWatcherApp;
			path = Sources/PRWatcherApp;
			sourceTree = SOURCE_ROOT;
		};
		400000000000000000000004 /* PRWatcherCore */ = {
			isa = PBXGroup;
			children = (
				200000000000000000000005 /* PullRequest.swift */,
				200000000000000000000006 /* GraphQLModels.swift */,
				200000000000000000000007 /* PRClassifier.swift */,
				200000000000000000000008 /* GitHubClient.swift */,
			);
			name = PRWatcherCore;
			path = Sources/PRWatcherCore;
			sourceTree = SOURCE_ROOT;
		};
		400000000000000000000005 /* Support */ = {
			isa = PBXGroup;
			children = (
				200000000000000000000009 /* Info.plist */,
				20000000000000000000000C /* AppIcon.icns */,
			);
			name = Support;
			path = support;
			sourceTree = SOURCE_ROOT;
		};
/* End PBXGroup section */

/* Begin PBXNativeTarget section */
		500000000000000000000001 /* prWatcher */ = {
			isa = PBXNativeTarget;
			buildConfigurationList = 900000000000000000000002 /* Build configuration list for PBXNativeTarget "prWatcher" */;
			buildPhases = (
				700000000000000000000001 /* Sources */,
				300000000000000000000001 /* Frameworks */,
				600000000000000000000001 /* Resources */,
			);
			buildRules = (
			);
			dependencies = (
			);
			name = prWatcher;
			productName = prWatcher;
			productReference = 20000000000000000000000B /* prWatcher.app */;
			productType = "com.apple.product-type.application";
		};
/* End PBXNativeTarget section */

/* Begin PBXProject section */
		800000000000000000000001 /* Project object */ = {
			isa = PBXProject;
			attributes = {
				BuildIndependentTargetsInParallel = 1;
				LastSwiftUpdateCheck = 2600;
				LastUpgradeCheck = 2600;
				TargetAttributes = {
					500000000000000000000001 = {
						CreatedOnToolsVersion = 26.0;
					};
				};
			};
			buildConfigurationList = 900000000000000000000001 /* Build configuration list for PBXProject "prWatcher" */;
			compatibilityVersion = "Xcode 14.0";
			developmentRegion = en;
			hasScannedForEncodings = 0;
			knownRegions = (
				en,
				Base,
			);
			mainGroup = 400000000000000000000001;
			productRefGroup = 400000000000000000000002 /* Products */;
			projectDirPath = "";
			projectRoot = "";
			targets = (
				500000000000000000000001 /* prWatcher */,
			);
		};
/* End PBXProject section */

/* Begin PBXResourcesBuildPhase section */
		600000000000000000000001 /* Resources */ = {
			isa = PBXResourcesBuildPhase;
			buildActionMask = 2147483647;
			files = (
				100000000000000000000009 /* AppIcon.icns in Resources */,
			);
			runOnlyForDeploymentPostprocessing = 0;
		};
/* End PBXResourcesBuildPhase section */

/* Begin PBXSourcesBuildPhase section */
		700000000000000000000001 /* Sources */ = {
			isa = PBXSourcesBuildPhase;
			buildActionMask = 2147483647;
			files = (
				100000000000000000000001 /* PRWatcherApp.swift in Sources */,
				100000000000000000000002 /* PullRequestStore.swift in Sources */,
				100000000000000000000003 /* ContentView.swift in Sources */,
				100000000000000000000004 /* SettingsView.swift in Sources */,
				100000000000000000000005 /* PullRequest.swift in Sources */,
				100000000000000000000006 /* GraphQLModels.swift in Sources */,
				100000000000000000000007 /* PRClassifier.swift in Sources */,
				100000000000000000000008 /* GitHubClient.swift in Sources */,
			);
			runOnlyForDeploymentPostprocessing = 0;
		};
/* End PBXSourcesBuildPhase section */

/* Begin XCBuildConfiguration section */
		A00000000000000000000001 /* Debug */ = {
			isa = XCBuildConfiguration;
			buildSettings = {
				ALWAYS_SEARCH_USER_PATHS = NO;
				CLANG_ENABLE_MODULES = YES;
				CLANG_ENABLE_OBJC_ARC = YES;
				COPY_PHASE_STRIP = NO;
				DEBUG_INFORMATION_FORMAT = dwarf;
				ENABLE_TESTABILITY = YES;
				GCC_C_LANGUAGE_STANDARD = gnu17;
				GCC_OPTIMIZATION_LEVEL = 0;
				MACOSX_DEPLOYMENT_TARGET = 14.0;
				MTL_ENABLE_DEBUG_INFO = INCLUDE_SOURCE;
				ONLY_ACTIVE_ARCH = YES;
				SDKROOT = macosx;
				SWIFT_ACTIVE_COMPILATION_CONDITIONS = "DEBUG $(inherited)";
				SWIFT_OPTIMIZATION_LEVEL = "-Onone";
			};
			name = Debug;
		};
		A00000000000000000000002 /* Release */ = {
			isa = XCBuildConfiguration;
			buildSettings = {
				ALWAYS_SEARCH_USER_PATHS = NO;
				CLANG_ENABLE_MODULES = YES;
				CLANG_ENABLE_OBJC_ARC = YES;
				COPY_PHASE_STRIP = YES;
				DEBUG_INFORMATION_FORMAT = "dwarf-with-dsym";
				GCC_C_LANGUAGE_STANDARD = gnu17;
				MACOSX_DEPLOYMENT_TARGET = 14.0;
				SDKROOT = macosx;
				SWIFT_COMPILATION_MODE = wholemodule;
			};
			name = Release;
		};
		A00000000000000000000003 /* Debug */ = {
			isa = XCBuildConfiguration;
			buildSettings = {
				CODE_SIGN_STYLE = Automatic;
				COMBINE_HIDPI_IMAGES = YES;
				CURRENT_PROJECT_VERSION = 3;
				ENABLE_APP_SANDBOX = NO;
				ENABLE_HARDENED_RUNTIME = YES;
				GENERATE_INFOPLIST_FILE = NO;
				INFOPLIST_FILE = support/Info.plist;
				LD_RUNPATH_SEARCH_PATHS = (
					"$(inherited)",
					"@executable_path/../Frameworks",
				);
				MARKETING_VERSION = 0.3.0;
				PRODUCT_BUNDLE_IDENTIFIER = com.local.prWatcher;
				PRODUCT_NAME = "$(TARGET_NAME)";
				SWIFT_EMIT_LOC_STRINGS = YES;
				SWIFT_VERSION = 5.0;
			};
			name = Debug;
		};
		A00000000000000000000004 /* Release */ = {
			isa = XCBuildConfiguration;
			buildSettings = {
				CODE_SIGN_STYLE = Automatic;
				COMBINE_HIDPI_IMAGES = YES;
				CURRENT_PROJECT_VERSION = 3;
				ENABLE_APP_SANDBOX = NO;
				ENABLE_HARDENED_RUNTIME = YES;
				GENERATE_INFOPLIST_FILE = NO;
				INFOPLIST_FILE = support/Info.plist;
				LD_RUNPATH_SEARCH_PATHS = (
					"$(inherited)",
					"@executable_path/../Frameworks",
				);
				MARKETING_VERSION = 0.3.0;
				PRODUCT_BUNDLE_IDENTIFIER = com.local.prWatcher;
				PRODUCT_NAME = "$(TARGET_NAME)";
				SWIFT_EMIT_LOC_STRINGS = YES;
				SWIFT_VERSION = 5.0;
			};
			name = Release;
		};
/* End XCBuildConfiguration section */

/* Begin XCConfigurationList section */
		900000000000000000000001 /* Build configuration list for PBXProject "prWatcher" */ = {
			isa = XCConfigurationList;
			buildConfigurations = (
				A00000000000000000000001 /* Debug */,
				A00000000000000000000002 /* Release */,
			);
			defaultConfigurationIsVisible = 0;
			defaultConfigurationName = Release;
		};
		900000000000000000000002 /* Build configuration list for PBXNativeTarget "prWatcher" */ = {
			isa = XCConfigurationList;
			buildConfigurations = (
				A00000000000000000000003 /* Debug */,
				A00000000000000000000004 /* Release */,
			);
			defaultConfigurationIsVisible = 0;
			defaultConfigurationName = Release;
		};
/* End XCConfigurationList section */
	};
	rootObject = 800000000000000000000001 /* Project object */;
}
